
Microsoft Visual Studio Solution File, Format Version 12.00
# Visual Studio 2012
Project("{FAE04EC0-301F-11D3-BF4B-00C04F79EFBC}") = "TheseColorsDontRun", "TheseColorsDontRun\TheseColorsDontRun.csproj", "{F6D15A69-9342-463A-82CC-8B5186DEAC60}"
EndProject
Project("{FAE04EC0-301F-11D3-BF4B-00C04F79EFBC}") = "WpfHelper", "..\WpfHelper\WpfHelper\WpfHelper.csproj", "{473A9DEF-8948-42A0-B127-AAB5BCBC5790}"
EndProject
Project("{F088123C-0E9E-452A-89E6-6BA2F21D5CAC}") = "TheseColorsDontRun.Modeling", "TheseColorsDontRun.Modeling\TheseColorsDontRun.Modeling.modelproj", "{C9E26944-E0A8-4E7C-824D-FBEE290005EE}"
EndProject
Global
	GlobalSection(SolutionConfigurationPlatforms) = preSolution
		Debug|Any CPU = Debug|Any CPU
		Release|Any CPU = Release|Any CPU
	EndGlobalSection
	GlobalSection(ProjectConfigurationPlatforms) = postSolution
		{F6D15A69-9342-463A-82CC-8B5186DEAC60}.Debug|Any CPU.ActiveCfg = Debug|Any CPU
		{F6D15A69-9342-463A-82CC-8B5186DEAC60}.Debug|Any CPU.Build.0 = Debug|Any CPU
		{F6D15A69-9342-463A-82CC-8B5186DEAC60}.Release|Any CPU.ActiveCfg = Release|Any CPU
		{F6D15A69-9342-463A-82CC-8B5186DEAC60}.Release|Any CPU.Build.0 = Release|Any CPU
		{473A9DEF-8948-42A0-B127-AAB5BCBC5790}.Debug|Any CPU.ActiveCfg = Debug|Any CPU
		{473A9DEF-8948-42A0-B127-AAB5BCBC5790}.Debug|Any CPU.Build.0 = Debug|Any CPU
		{473A9DEF-8948-42A0-B127-AAB5BCBC5790}.Release|Any CPU.ActiveCfg = Release|Any CPU
		{473A9DEF-8948-42A0-B127-AAB5BCBC5790}.Release|Any CPU.Build.0 = Release|Any CPU
		{C9E26944-E0A8-4E7C-824D-FBEE290005EE}.Debug|Any CPU.ActiveCfg = Debug|Any CPU
		{C9E26944-E0A8-4E7C-824D-FBEE290005EE}.Debug|Any CPU.Build.0 = Debug|Any CPU
		{C9E26944-E0A8-4E7C-824D-FBEE290005EE}.Release|Any CPU.ActiveCfg = Release|Any CPU
		{C9E26944-E0A8-4E7C-824D-FBEE290005EE}.Release|Any CPU.Build.0 = Release|Any CPU
	EndGlobalSection
	GlobalSection(SolutionProperties) = preSolution
		HideSolutionNode = FALSE
	EndGlobalSection
EndGlobal
